
Microsoft Visual Studio Solution File, Format Version 12.00
# Visual Studio Version 17
VisualStudioVersion = 17.10.35013.160
MinimumVisualStudioVersion = 10.0.40219.1
Project("{FAE04EC0-301F-11D3-BF4B-00C04F79EFBC}") = "GeneradorTextoLorem2.0", "GeneradorTextoLorem2.0\GeneradorTextoLorem2.0.csproj", "{71A8B2E9-DFFE-44B9-A9AB-44550D9AA3D6}"
EndProject
Global
	GlobalSection(SolutionConfigurationPlatforms) = preSolution
		Debug|Any CPU = Debug|Any CPU
		Release|Any CPU = Release|Any CPU
	EndGlobalSection
	GlobalSection(ProjectConfigurationPlatforms) = postSolution
		{71A8B2E9-DFFE-44B9-A9AB-44550D9AA3D6}.Debug|Any CPU.ActiveCfg = Debug|Any CPU
		{71A8B2E9-DFFE-44B9-A9AB-44550D9AA3D6}.Debug|Any CPU.Build.0 = Debug|Any CPU
		{71A8B2E9-DFFE-44B9-A9AB-44550D9AA3D6}.Release|Any CPU.ActiveCfg = Release|Any CPU
		{71A8B2E9-DFFE-44B9-A9AB-44550D9AA3D6}.Release|Any CPU.Build.0 = Release|Any CPU
	EndGlobalSection
	GlobalSection(SolutionProperties) = preSolution
		HideSolutionNode = FALSE
	EndGlobalSection
	GlobalSection(ExtensibilityGlobals) = postSolution
		SolutionGuid = {2272A209-6C78-425A-BB9E-9EA0F11F4656}
	EndGlobalSection
EndGlobal
