
Microsoft Visual Studio Solution File, Format Version 12.00
# Visual Studio Version 17
VisualStudioVersion = 17.9.34607.119
MinimumVisualStudioVersion = 10.0.40219.1
Project("{FAE04EC0-301F-11D3-BF4B-00C04F79EFBC}") = "UsoArrays2", "UsoArrays2\UsoArrays2.csproj", "{C092E4CA-722C-478A-A917-8E083CE048B2}"
EndProject
Global
	GlobalSection(SolutionConfigurationPlatforms) = preSolution
		Debug|Any CPU = Debug|Any CPU
		Release|Any CPU = Release|Any CPU
	EndGlobalSection
	GlobalSection(ProjectConfigurationPlatforms) = postSolution
		{C092E4CA-722C-478A-A917-8E083CE048B2}.Debug|Any CPU.ActiveCfg = Debug|Any CPU
		{C092E4CA-722C-478A-A917-8E083CE048B2}.Debug|Any CPU.Build.0 = Debug|Any CPU
		{C092E4CA-722C-478A-A917-8E083CE048B2}.Release|Any CPU.ActiveCfg = Release|Any CPU
		{C092E4CA-722C-478A-A917-8E083CE048B2}.Release|Any CPU.Build.0 = Release|Any CPU
	EndGlobalSection
	GlobalSection(SolutionProperties) = preSolution
		HideSolutionNode = FALSE
	EndGlobalSection
	GlobalSection(ExtensibilityGlobals) = postSolution
		SolutionGuid = {5F165068-1582-4090-A91C-7E866A8B9B9C}
	EndGlobalSection
EndGlobal
