
Microsoft Visual Studio Solution File, Format Version 12.00
# Visual Studio Version 17
VisualStudioVersion = 17.9.34607.119
MinimumVisualStudioVersion = 10.0.40219.1
Project("{FAE04EC0-301F-11D3-BF4B-00C04F79EFBC}") = "Herencia3", "Herencia3\Herencia3.csproj", "{AB4B59A0-EE13-4FAD-9DD2-B22E3B854BED}"
EndProject
Global
	GlobalSection(SolutionConfigurationPlatforms) = preSolution
		Debug|Any CPU = Debug|Any CPU
		Release|Any CPU = Release|Any CPU
	EndGlobalSection
	GlobalSection(ProjectConfigurationPlatforms) = postSolution
		{AB4B59A0-EE13-4FAD-9DD2-B22E3B854BED}.Debug|Any CPU.ActiveCfg = Debug|Any CPU
		{AB4B59A0-EE13-4FAD-9DD2-B22E3B854BED}.Debug|Any CPU.Build.0 = Debug|Any CPU
		{AB4B59A0-EE13-4FAD-9DD2-B22E3B854BED}.Release|Any CPU.ActiveCfg = Release|Any CPU
		{AB4B59A0-EE13-4FAD-9DD2-B22E3B854BED}.Release|Any CPU.Build.0 = Release|Any CPU
	EndGlobalSection
	GlobalSection(SolutionProperties) = preSolution
		HideSolutionNode = FALSE
	EndGlobalSection
	GlobalSection(ExtensibilityGlobals) = postSolution
		SolutionGuid = {80DD8A0D-631D-42A9-AB01-0D17E0131EDC}
	EndGlobalSection
EndGlobal
