
Microsoft Visual Studio Solution File, Format Version 12.00
# Visual Studio Version 17
VisualStudioVersion = 17.9.34607.119
MinimumVisualStudioVersion = 10.0.40219.1
Project("{FAE04EC0-301F-11D3-BF4B-00C04F79EFBC}") = "Mensajes", "Mensajes\Mensajes.csproj", "{EC905986-5920-4DBD-9328-492ADEDACD3C}"
EndProject
Global
	GlobalSection(SolutionConfigurationPlatforms) = preSolution
		Debug|Any CPU = Debug|Any CPU
		Release|Any CPU = Release|Any CPU
	EndGlobalSection
	GlobalSection(ProjectConfigurationPlatforms) = postSolution
		{EC905986-5920-4DBD-9328-492ADEDACD3C}.Debug|Any CPU.ActiveCfg = Debug|Any CPU
		{EC905986-5920-4DBD-9328-492ADEDACD3C}.Debug|Any CPU.Build.0 = Debug|Any CPU
		{EC905986-5920-4DBD-9328-492ADEDACD3C}.Release|Any CPU.ActiveCfg = Release|Any CPU
		{EC905986-5920-4DBD-9328-492ADEDACD3C}.Release|Any CPU.Build.0 = Release|Any CPU
	EndGlobalSection
	GlobalSection(SolutionProperties) = preSolution
		HideSolutionNode = FALSE
	EndGlobalSection
	GlobalSection(ExtensibilityGlobals) = postSolution
		SolutionGuid = {E31390A6-A732-41E9-A517-6A54E7A589D7}
	EndGlobalSection
EndGlobal
