
Microsoft Visual Studio Solution File, Format Version 12.00
# Visual Studio Version 17
VisualStudioVersion = 17.9.34607.119
MinimumVisualStudioVersion = 10.0.40219.1
Project("{FAE04EC0-301F-11D3-BF4B-00C04F79EFBC}") = "TIMEr", "TIMEr\TIMEr.csproj", "{93ED8393-D9DC-469E-AF36-CBEE4ED8361C}"
EndProject
Global
	GlobalSection(SolutionConfigurationPlatforms) = preSolution
		Debug|Any CPU = Debug|Any CPU
		Release|Any CPU = Release|Any CPU
	EndGlobalSection
	GlobalSection(ProjectConfigurationPlatforms) = postSolution
		{93ED8393-D9DC-469E-AF36-CBEE4ED8361C}.Debug|Any CPU.ActiveCfg = Debug|Any CPU
		{93ED8393-D9DC-469E-AF36-CBEE4ED8361C}.Debug|Any CPU.Build.0 = Debug|Any CPU
		{93ED8393-D9DC-469E-AF36-CBEE4ED8361C}.Release|Any CPU.ActiveCfg = Release|Any CPU
		{93ED8393-D9DC-469E-AF36-CBEE4ED8361C}.Release|Any CPU.Build.0 = Release|Any CPU
	EndGlobalSection
	GlobalSection(SolutionProperties) = preSolution
		HideSolutionNode = FALSE
	EndGlobalSection
	GlobalSection(ExtensibilityGlobals) = postSolution
		SolutionGuid = {FC6C5FDF-7FF1-40B7-A1EC-347BF840A5BD}
	EndGlobalSection
EndGlobal
