
Microsoft Visual Studio Solution File, Format Version 12.00
# Visual Studio Version 17
VisualStudioVersion = 17.9.34607.119
MinimumVisualStudioVersion = 10.0.40219.1
Project("{FAE04EC0-301F-11D3-BF4B-00C04F79EFBC}") = "Polimorfismo", "Polimorfismo\Polimorfismo.csproj", "{06232D50-1BAA-4EEB-9E66-1C3392681917}"
EndProject
Global
	GlobalSection(SolutionConfigurationPlatforms) = preSolution
		Debug|Any CPU = Debug|Any CPU
		Release|Any CPU = Release|Any CPU
	EndGlobalSection
	GlobalSection(ProjectConfigurationPlatforms) = postSolution
		{06232D50-1BAA-4EEB-9E66-1C3392681917}.Debug|Any CPU.ActiveCfg = Debug|Any CPU
		{06232D50-1BAA-4EEB-9E66-1C3392681917}.Debug|Any CPU.Build.0 = Debug|Any CPU
		{06232D50-1BAA-4EEB-9E66-1C3392681917}.Release|Any CPU.ActiveCfg = Release|Any CPU
		{06232D50-1BAA-4EEB-9E66-1C3392681917}.Release|Any CPU.Build.0 = Release|Any CPU
	EndGlobalSection
	GlobalSection(SolutionProperties) = preSolution
		HideSolutionNode = FALSE
	EndGlobalSection
	GlobalSection(ExtensibilityGlobals) = postSolution
		SolutionGuid = {22C37356-9909-4A1C-80CA-653CF3DB101C}
	EndGlobalSection
EndGlobal
